
Microsoft Visual Studio Solution File, Format Version 10.00
# Visual C++ Express 2008
Project("{8BC9CEB8-8B4A-11D0-8D11-00A0C91BC942}") = "sleipnir", "sleipnir\sleipnir.vcproj", "{772E04C2-CF1E-412B-9BAE-3A4A132837DB}"
EndProject
Project("{8BC9CEB8-8B4A-11D0-8D11-00A0C91BC942}") = "Dat2Dab", "Dat2Dab\Dat2Dab.vcproj", "{56C30EA3-24DF-4AB4-B68E-17C954F8A816}"
	ProjectSection(ProjectDependencies) = postProject
		{772E04C2-CF1E-412B-9BAE-3A4A132837DB} = {772E04C2-CF1E-412B-9BAE-3A4A132837DB}
	EndProjectSection
EndProject
Project("{8BC9CEB8-8B4A-11D0-8D11-00A0C91BC942}") = "BNServer", "BNServer\BNServer.vcproj", "{A0F6CA50-F066-40C8-B1F4-D0AABFEE7715}"
	ProjectSection(ProjectDependencies) = postProject
		{772E04C2-CF1E-412B-9BAE-3A4A132837DB} = {772E04C2-CF1E-412B-9BAE-3A4A132837DB}
	EndProjectSection
EndProject
Project("{8BC9CEB8-8B4A-11D0-8D11-00A0C91BC942}") = "OntoShell", "OntoShell\OntoShell.vcproj", "{76005AC2-CB3E-48CA-A5F8-FB0D36C62E4B}"
	ProjectSection(ProjectDependencies) = postProject
		{772E04C2-CF1E-412B-9BAE-3A4A132837DB} = {772E04C2-CF1E-412B-9BAE-3A4A132837DB}
	EndProjectSection
EndProject
Project("{8BC9CEB8-8B4A-11D0-8D11-00A0C91BC942}") = "Answerer", "Answerer\Answerer.vcproj", "{A0F6CA50-F066-40C8-B1F4-D0AABFEE7716}"
	ProjectSection(ProjectDependencies) = postProject
		{772E04C2-CF1E-412B-9BAE-3A4A132837DB} = {772E04C2-CF1E-412B-9BAE-3A4A132837DB}
	EndProjectSection
EndProject
Project("{8BC9CEB8-8B4A-11D0-8D11-00A0C91BC942}") = "BNConverter", "BNConverter\BNConverter.vcproj", "{A0F6CA50-F066-40C8-B1F4-D0AABFEE7717}"
	ProjectSection(ProjectDependencies) = postProject
		{772E04C2-CF1E-412B-9BAE-3A4A132837DB} = {772E04C2-CF1E-412B-9BAE-3A4A132837DB}
	EndProjectSection
EndProject
Project("{8BC9CEB8-8B4A-11D0-8D11-00A0C91BC942}") = "BNCreator", "BNCreator\BNCreator.vcproj", "{A0F6CA50-F066-40C8-B1F4-D0AABFEE7718}"
	ProjectSection(ProjectDependencies) = postProject
		{772E04C2-CF1E-412B-9BAE-3A4A132837DB} = {772E04C2-CF1E-412B-9BAE-3A4A132837DB}
	EndProjectSection
EndProject
Project("{8BC9CEB8-8B4A-11D0-8D11-00A0C91BC942}") = "BNEvaluator", "BNEvaluator\BNEvaluator.vcproj", "{A0F6CA50-F066-40C8-B1F4-D0AABFEE7719}"
	ProjectSection(ProjectDependencies) = postProject
		{772E04C2-CF1E-412B-9BAE-3A4A132837DB} = {772E04C2-CF1E-412B-9BAE-3A4A132837DB}
	EndProjectSection
EndProject
Project("{8BC9CEB8-8B4A-11D0-8D11-00A0C91BC942}") = "BNFunc", "BNFunc\BNFunc.vcproj", "{A0F6CA50-F066-40C8-B1F4-D0AABFEE771A}"
	ProjectSection(ProjectDependencies) = postProject
		{772E04C2-CF1E-412B-9BAE-3A4A132837DB} = {772E04C2-CF1E-412B-9BAE-3A4A132837DB}
	EndProjectSection
EndProject
Project("{8BC9CEB8-8B4A-11D0-8D11-00A0C91BC942}") = "BNTester", "BNTester\BNTester.vcproj", "{A0F6CA50-F066-40C8-B1F4-D0AABFEE771B}"
	ProjectSection(ProjectDependencies) = postProject
		{772E04C2-CF1E-412B-9BAE-3A4A132837DB} = {772E04C2-CF1E-412B-9BAE-3A4A132837DB}
	EndProjectSection
EndProject
Project("{8BC9CEB8-8B4A-11D0-8D11-00A0C91BC942}") = "BNTruster", "BNTruster\BNTruster.vcproj", "{A0F6CA50-F066-40C8-B1F4-D0AABFEE771C}"
	ProjectSection(ProjectDependencies) = postProject
		{772E04C2-CF1E-412B-9BAE-3A4A132837DB} = {772E04C2-CF1E-412B-9BAE-3A4A132837DB}
	EndProjectSection
EndProject
Project("{8BC9CEB8-8B4A-11D0-8D11-00A0C91BC942}") = "BNUnraveler", "BNUnraveler\BNUnraveler.vcproj", "{A0F6CA50-F066-40C8-B1F4-D0AABFEE771D}"
	ProjectSection(ProjectDependencies) = postProject
		{772E04C2-CF1E-412B-9BAE-3A4A132837DB} = {772E04C2-CF1E-412B-9BAE-3A4A132837DB}
	EndProjectSection
EndProject
Project("{8BC9CEB8-8B4A-11D0-8D11-00A0C91BC942}") = "BNWeaver", "BNWeaver\BNWeaver.vcproj", "{A0F6CA50-F066-40C8-B1F4-D0AABFEE771E}"
	ProjectSection(ProjectDependencies) = postProject
		{772E04C2-CF1E-412B-9BAE-3A4A132837DB} = {772E04C2-CF1E-412B-9BAE-3A4A132837DB}
	EndProjectSection
EndProject
Project("{8BC9CEB8-8B4A-11D0-8D11-00A0C91BC942}") = "Cliquer", "Cliquer\Cliquer.vcproj", "{56C30EA3-24DF-4AB4-B68E-17C954F8A815}"
	ProjectSection(ProjectDependencies) = postProject
		{772E04C2-CF1E-412B-9BAE-3A4A132837DB} = {772E04C2-CF1E-412B-9BAE-3A4A132837DB}
	EndProjectSection
EndProject
Project("{8BC9CEB8-8B4A-11D0-8D11-00A0C91BC942}") = "Clusterer", "Clusterer\Clusterer.vcproj", "{56C30EA3-24DF-4AB4-B68E-17C954F8A814}"
	ProjectSection(ProjectDependencies) = postProject
		{772E04C2-CF1E-412B-9BAE-3A4A132837DB} = {772E04C2-CF1E-412B-9BAE-3A4A132837DB}
	EndProjectSection
EndProject
Project("{8BC9CEB8-8B4A-11D0-8D11-00A0C91BC942}") = "Clusters2Dab", "Clusters2Dab\Clusters2Dab.vcproj", "{56C30EA3-24DF-4AB4-B68E-17C954F8A813}"
	ProjectSection(ProjectDependencies) = postProject
		{772E04C2-CF1E-412B-9BAE-3A4A132837DB} = {772E04C2-CF1E-412B-9BAE-3A4A132837DB}
	EndProjectSection
EndProject
Project("{8BC9CEB8-8B4A-11D0-8D11-00A0C91BC942}") = "Combiner", "Combiner\Combiner.vcproj", "{56C30EA3-24DF-4AB4-B68E-17C954F8A812}"
	ProjectSection(ProjectDependencies) = postProject
		{772E04C2-CF1E-412B-9BAE-3A4A132837DB} = {772E04C2-CF1E-412B-9BAE-3A4A132837DB}
	EndProjectSection
EndProject
Project("{8BC9CEB8-8B4A-11D0-8D11-00A0C91BC942}") = "Contexter", "Contexter\Contexter.vcproj", "{56C30EA3-24DF-4AB4-B68E-17C954F8A811}"
	ProjectSection(ProjectDependencies) = postProject
		{772E04C2-CF1E-412B-9BAE-3A4A132837DB} = {772E04C2-CF1E-412B-9BAE-3A4A132837DB}
	EndProjectSection
EndProject
Project("{8BC9CEB8-8B4A-11D0-8D11-00A0C91BC942}") = "Dab2Dad", "Dab2Dad\Dab2Dad.vcproj", "{56C30EA3-24DF-4AB4-B68E-17C954F8A810}"
	ProjectSection(ProjectDependencies) = postProject
		{772E04C2-CF1E-412B-9BAE-3A4A132837DB} = {772E04C2-CF1E-412B-9BAE-3A4A132837DB}
	EndProjectSection
EndProject
Project("{8BC9CEB8-8B4A-11D0-8D11-00A0C91BC942}") = "Dat2Graph", "Dat2Graph\Dat2Graph.vcproj", "{56C30EA3-24DF-4AB4-B68E-17C954F8A80F}"
	ProjectSection(ProjectDependencies) = postProject
		{772E04C2-CF1E-412B-9BAE-3A4A132837DB} = {772E04C2-CF1E-412B-9BAE-3A4A132837DB}
	EndProjectSection
EndProject
Project("{8BC9CEB8-8B4A-11D0-8D11-00A0C91BC942}") = "Data2Bnt", "Data2Bnt\Data2Bnt.vcproj", "{56C30EA3-24DF-4AB4-B68E-17C954F8A80E}"
	ProjectSection(ProjectDependencies) = postProject
		{772E04C2-CF1E-412B-9BAE-3A4A132837DB} = {772E04C2-CF1E-412B-9BAE-3A4A132837DB}
	EndProjectSection
EndProject
Project("{8BC9CEB8-8B4A-11D0-8D11-00A0C91BC942}") = "Data2DB", "Data2DB\Data2DB.vcproj", "{56C30EA3-24DF-4AB4-B68E-17C954F8A80D}"
	ProjectSection(ProjectDependencies) = postProject
		{772E04C2-CF1E-412B-9BAE-3A4A132837DB} = {772E04C2-CF1E-412B-9BAE-3A4A132837DB}
	EndProjectSection
EndProject
Project("{8BC9CEB8-8B4A-11D0-8D11-00A0C91BC942}") = "Data2Features", "Data2Features\Data2Features.vcproj", "{56C30EA3-24DF-4AB4-B68E-17C954F8A80C}"
	ProjectSection(ProjectDependencies) = postProject
		{772E04C2-CF1E-412B-9BAE-3A4A132837DB} = {772E04C2-CF1E-412B-9BAE-3A4A132837DB}
	EndProjectSection
EndProject
Project("{8BC9CEB8-8B4A-11D0-8D11-00A0C91BC942}") = "Data2Sql", "Data2Sql\Data2Sql.vcproj", "{56C30EA3-24DF-4AB4-B68E-17C954F8A80B}"
	ProjectSection(ProjectDependencies) = postProject
		{772E04C2-CF1E-412B-9BAE-3A4A132837DB} = {772E04C2-CF1E-412B-9BAE-3A4A132837DB}
	EndProjectSection
EndProject
Project("{8BC9CEB8-8B4A-11D0-8D11-00A0C91BC942}") = "Data2Svm", "Data2Svm\Data2Svm.vcproj", "{56C30EA3-24DF-4AB4-B68E-17C954F8A80A}"
	ProjectSection(ProjectDependencies) = postProject
		{772E04C2-CF1E-412B-9BAE-3A4A132837DB} = {772E04C2-CF1E-412B-9BAE-3A4A132837DB}
	EndProjectSection
EndProject
Project("{8BC9CEB8-8B4A-11D0-8D11-00A0C91BC942}") = "DataDumper", "DataDumper\DataDumper.vcproj", "{56C30EA3-24DF-4AB4-B68E-17C954F8A809}"
	ProjectSection(ProjectDependencies) = postProject
		{772E04C2-CF1E-412B-9BAE-3A4A132837DB} = {772E04C2-CF1E-412B-9BAE-3A4A132837DB}
	EndProjectSection
EndProject
Project("{8BC9CEB8-8B4A-11D0-8D11-00A0C91BC942}") = "DChecker", "DChecker\DChecker.vcproj", "{56C30EA3-24DF-4AB4-B68E-17C954F8A808}"
	ProjectSection(ProjectDependencies) = postProject
		{772E04C2-CF1E-412B-9BAE-3A4A132837DB} = {772E04C2-CF1E-412B-9BAE-3A4A132837DB}
	EndProjectSection
EndProject
Project("{8BC9CEB8-8B4A-11D0-8D11-00A0C91BC942}") = "Distancer", "Distancer\Distancer.vcproj", "{56C30EA3-24DF-4AB4-B68E-17C954F8A807}"
	ProjectSection(ProjectDependencies) = postProject
		{772E04C2-CF1E-412B-9BAE-3A4A132837DB} = {772E04C2-CF1E-412B-9BAE-3A4A132837DB}
	EndProjectSection
EndProject
Project("{8BC9CEB8-8B4A-11D0-8D11-00A0C91BC942}") = "DSLConverter", "DSLConverter\DSLConverter.vcproj", "{56C30EA3-24DF-4AB4-B68E-17C954F8A806}"
	ProjectSection(ProjectDependencies) = postProject
		{772E04C2-CF1E-412B-9BAE-3A4A132837DB} = {772E04C2-CF1E-412B-9BAE-3A4A132837DB}
	EndProjectSection
EndProject
Project("{8BC9CEB8-8B4A-11D0-8D11-00A0C91BC942}") = "Edges2Posteriors", "Edges2Posteriors\Edges2Posteriors.vcproj", "{56C30EA3-24DF-4AB4-B68E-17C954F8A805}"
	ProjectSection(ProjectDependencies) = postProject
		{772E04C2-CF1E-412B-9BAE-3A4A132837DB} = {772E04C2-CF1E-412B-9BAE-3A4A132837DB}
	EndProjectSection
EndProject
Project("{8BC9CEB8-8B4A-11D0-8D11-00A0C91BC942}") = "Explainer", "Explainer\Explainer.vcproj", "{56C30EA3-24DF-4AB4-B68E-17C954F8A804}"
	ProjectSection(ProjectDependencies) = postProject
		{772E04C2-CF1E-412B-9BAE-3A4A132837DB} = {772E04C2-CF1E-412B-9BAE-3A4A132837DB}
	EndProjectSection
EndProject
Project("{8BC9CEB8-8B4A-11D0-8D11-00A0C91BC942}") = "Funcaeologist", "Funcaeologist\Funcaeologist.vcproj", "{56C30EA3-24DF-4AB4-B68E-17C954F8A803}"
	ProjectSection(ProjectDependencies) = postProject
		{772E04C2-CF1E-412B-9BAE-3A4A132837DB} = {772E04C2-CF1E-412B-9BAE-3A4A132837DB}
	EndProjectSection
EndProject
Project("{8BC9CEB8-8B4A-11D0-8D11-00A0C91BC942}") = "Funcifier", "Funcifier\Funcifier.vcproj", "{56C30EA3-24DF-4AB4-B68E-17C954F8A802}"
	ProjectSection(ProjectDependencies) = postProject
		{772E04C2-CF1E-412B-9BAE-3A4A132837DB} = {772E04C2-CF1E-412B-9BAE-3A4A132837DB}
	EndProjectSection
EndProject
Project("{8BC9CEB8-8B4A-11D0-8D11-00A0C91BC942}") = "Funcographer", "Funcographer\Funcographer.vcproj", "{56C30EA3-24DF-4AB4-B68E-17C954F8A801}"
	ProjectSection(ProjectDependencies) = postProject
		{772E04C2-CF1E-412B-9BAE-3A4A132837DB} = {772E04C2-CF1E-412B-9BAE-3A4A132837DB}
	EndProjectSection
EndProject
Project("{8BC9CEB8-8B4A-11D0-8D11-00A0C91BC942}") = "Hubber", "Hubber\Hubber.vcproj", "{56C30EA3-24DF-4AB4-B68E-17C954F8A800}"
	ProjectSection(ProjectDependencies) = postProject
		{772E04C2-CF1E-412B-9BAE-3A4A132837DB} = {772E04C2-CF1E-412B-9BAE-3A4A132837DB}
	EndProjectSection
EndProject
Project("{8BC9CEB8-8B4A-11D0-8D11-00A0C91BC942}") = "KNNImputer", "KNNImputer\KNNImputer.vcproj", "{56C30EA3-24DF-4AB4-B68E-17C954F8A7FF}"
	ProjectSection(ProjectDependencies) = postProject
		{772E04C2-CF1E-412B-9BAE-3A4A132837DB} = {772E04C2-CF1E-412B-9BAE-3A4A132837DB}
	EndProjectSection
EndProject
Project("{8BC9CEB8-8B4A-11D0-8D11-00A0C91BC942}") = "MCluster", "MCluster\MCluster.vcproj", "{56C30EA3-24DF-4AB4-B68E-17C954F8A7FE}"
	ProjectSection(ProjectDependencies) = postProject
		{772E04C2-CF1E-412B-9BAE-3A4A132837DB} = {772E04C2-CF1E-412B-9BAE-3A4A132837DB}
	EndProjectSection
EndProject
Project("{8BC9CEB8-8B4A-11D0-8D11-00A0C91BC942}") = "MEFIT", "MEFIT\MEFIT.vcproj", "{56C30EA3-24DF-4AB4-B68E-17C954F8A7FD}"
	ProjectSection(ProjectDependencies) = postProject
		{772E04C2-CF1E-412B-9BAE-3A4A132837DB} = {772E04C2-CF1E-412B-9BAE-3A4A132837DB}
	EndProjectSection
EndProject
Project("{8BC9CEB8-8B4A-11D0-8D11-00A0C91BC942}") = "MIer", "MIer\MIer.vcproj", "{56C30EA3-24DF-4AB4-B68E-17C954F8A7FC}"
	ProjectSection(ProjectDependencies) = postProject
		{772E04C2-CF1E-412B-9BAE-3A4A132837DB} = {772E04C2-CF1E-412B-9BAE-3A4A132837DB}
	EndProjectSection
EndProject
Project("{8BC9CEB8-8B4A-11D0-8D11-00A0C91BC942}") = "Orthologer", "Orthologer\Orthologer.vcproj", "{56C30EA3-24DF-4AB4-B68E-17C954F8A7FA}"
	ProjectSection(ProjectDependencies) = postProject
		{772E04C2-CF1E-412B-9BAE-3A4A132837DB} = {772E04C2-CF1E-412B-9BAE-3A4A132837DB}
	EndProjectSection
EndProject
Project("{8BC9CEB8-8B4A-11D0-8D11-00A0C91BC942}") = "Overlapper", "Overlapper\Overlapper.vcproj", "{56C30EA3-24DF-4AB4-B68E-17C954F8A7F9}"
	ProjectSection(ProjectDependencies) = postProject
		{772E04C2-CF1E-412B-9BAE-3A4A132837DB} = {772E04C2-CF1E-412B-9BAE-3A4A132837DB}
	EndProjectSection
EndProject
Project("{8BC9CEB8-8B4A-11D0-8D11-00A0C91BC942}") = "Randomizer", "Randomizer\Randomizer.vcproj", "{56C30EA3-24DF-4AB4-B68E-17C954F8A7F8}"
	ProjectSection(ProjectDependencies) = postProject
		{772E04C2-CF1E-412B-9BAE-3A4A132837DB} = {772E04C2-CF1E-412B-9BAE-3A4A132837DB}
	EndProjectSection
EndProject
Project("{8BC9CEB8-8B4A-11D0-8D11-00A0C91BC942}") = "Seqs2Ngrams", "Seqs2Ngrams\Seqs2Ngrams.vcproj", "{56C30EA3-24DF-4AB4-B68E-17C954F8A7F6}"
	ProjectSection(ProjectDependencies) = postProject
		{772E04C2-CF1E-412B-9BAE-3A4A132837DB} = {772E04C2-CF1E-412B-9BAE-3A4A132837DB}
	EndProjectSection
EndProject
Project("{8BC9CEB8-8B4A-11D0-8D11-00A0C91BC942}") = "SVMer", "SVMer\SVMer.vcproj", "{56C30EA3-24DF-4AB4-B68E-17C954F8A7F5}"
	ProjectSection(ProjectDependencies) = postProject
		{772E04C2-CF1E-412B-9BAE-3A4A132837DB} = {772E04C2-CF1E-412B-9BAE-3A4A132837DB}
	EndProjectSection
EndProject
Project("{8BC9CEB8-8B4A-11D0-8D11-00A0C91BC942}") = "Txt2Bin", "Txt2Bin\Txt2Bin.vcproj", "{56C30EA3-24DF-4AB4-B68E-17C954F8A7F4}"
	ProjectSection(ProjectDependencies) = postProject
		{772E04C2-CF1E-412B-9BAE-3A4A132837DB} = {772E04C2-CF1E-412B-9BAE-3A4A132837DB}
	EndProjectSection
EndProject
Project("{8BC9CEB8-8B4A-11D0-8D11-00A0C91BC942}") = "Normalizer", "Normalizer\Normalizer.vcproj", "{56C30EA3-24DF-4AB4-B68E-17C954F8A7FB}"
	ProjectSection(ProjectDependencies) = postProject
		{772E04C2-CF1E-412B-9BAE-3A4A132837DB} = {772E04C2-CF1E-412B-9BAE-3A4A132837DB}
	EndProjectSection
EndProject
Project("{8BC9CEB8-8B4A-11D0-8D11-00A0C91BC942}") = "Counter", "Counter\Counter.vcproj", "{56C30EA3-24DF-4AB4-B68E-17C954F8A134}"
	ProjectSection(ProjectDependencies) = postProject
		{772E04C2-CF1E-412B-9BAE-3A4A132837DB} = {772E04C2-CF1E-412B-9BAE-3A4A132837DB}
	EndProjectSection
EndProject
Project("{8BC9CEB8-8B4A-11D0-8D11-00A0C91BC942}") = "Mat2Txt", "Mat2Txt\Mat2Txt.vcproj", "{56C30EA3-24DF-4AB4-B68E-17C954F8A924}"
	ProjectSection(ProjectDependencies) = postProject
		{772E04C2-CF1E-412B-9BAE-3A4A132837DB} = {772E04C2-CF1E-412B-9BAE-3A4A132837DB}
	EndProjectSection
EndProject
Project("{8BC9CEB8-8B4A-11D0-8D11-00A0C91BC942}") = "BNs2Txt", "BNs2Txt\BNs2Txt.vcproj", "{56C30EA3-24DF-4AB4-B68E-17C954F8A197}"
	ProjectSection(ProjectDependencies) = postProject
		{772E04C2-CF1E-412B-9BAE-3A4A132837DB} = {772E04C2-CF1E-412B-9BAE-3A4A132837DB}
	EndProjectSection
EndProject
Project("{8BC9CEB8-8B4A-11D0-8D11-00A0C91BC942}") = "COALESCE", "COALESCE\COALESCE.vcproj", "{56C30EA3-24DF-4AB4-B68E-17C954F8A618}"
	ProjectSection(ProjectDependencies) = postProject
		{772E04C2-CF1E-412B-9BAE-3A4A132837DB} = {772E04C2-CF1E-412B-9BAE-3A4A132837DB}
	EndProjectSection
EndProject
Project("{8BC9CEB8-8B4A-11D0-8D11-00A0C91BC942}") = "Synthesizer", "Synthesizer\Synthesizer.vcproj", "{56C30EA3-24DF-4AB4-B68E-17C954F8A819}"
	ProjectSection(ProjectDependencies) = postProject
		{772E04C2-CF1E-412B-9BAE-3A4A132837DB} = {772E04C2-CF1E-412B-9BAE-3A4A132837DB}
	EndProjectSection
EndProject
Project("{8BC9CEB8-8B4A-11D0-8D11-00A0C91BC942}") = "Matcher", "Matcher\Matcher.vcproj", "{56C30EA3-24DF-4AB4-B68E-17C954F8AA86}"
	ProjectSection(ProjectDependencies) = postProject
		{772E04C2-CF1E-412B-9BAE-3A4A132837DB} = {772E04C2-CF1E-412B-9BAE-3A4A132837DB}
	EndProjectSection
EndProject
Project("{8BC9CEB8-8B4A-11D0-8D11-00A0C91BC942}") = "PCLPlotter", "PCLPlotter\PCLPlotter.vcproj", "{56C30EA3-24DF-4AB4-B68E-17C954F869B0}"
	ProjectSection(ProjectDependencies) = postProject
		{772E04C2-CF1E-412B-9BAE-3A4A132837DB} = {772E04C2-CF1E-412B-9BAE-3A4A132837DB}
	EndProjectSection
EndProject
Project("{8BC9CEB8-8B4A-11D0-8D11-00A0C91BC942}") = "SVDer", "SVDer\SVDer.vcproj", "{56C30EA3-24DF-4AB4-B68E-17C954F8A962}"
	ProjectSection(ProjectDependencies) = postProject
		{772E04C2-CF1E-412B-9BAE-3A4A132837DB} = {772E04C2-CF1E-412B-9BAE-3A4A132837DB}
	EndProjectSection
EndProject
Project("{8BC9CEB8-8B4A-11D0-8D11-00A0C91BC942}") = "SMRF", "SMRF\SMRF.vcproj", "{56C30EA3-24DF-4AB4-B68E-17C954F802B6}"
	ProjectSection(ProjectDependencies) = postProject
		{772E04C2-CF1E-412B-9BAE-3A4A132837DB} = {772E04C2-CF1E-412B-9BAE-3A4A132837DB}
	EndProjectSection
EndProject
Project("{8BC9CEB8-8B4A-11D0-8D11-00A0C91BC942}") = "Filterer", "Filterer\Filterer.vcproj", "{56C30EA3-24DF-4AB4-B68E-17C954F8FF60}"
	ProjectSection(ProjectDependencies) = postProject
		{772E04C2-CF1E-412B-9BAE-3A4A132837DB} = {772E04C2-CF1E-412B-9BAE-3A4A132837DB}
	EndProjectSection
EndProject
Project("{8BC9CEB8-8B4A-11D0-8D11-00A0C91BC942}") = "Clinician", "Clinician\Clinician.vcproj", "{56C30EA3-24DF-4AB4-B68E-17C954F80BE9}"
	ProjectSection(ProjectDependencies) = postProject
		{772E04C2-CF1E-412B-9BAE-3A4A132837DB} = {772E04C2-CF1E-412B-9BAE-3A4A132837DB}
	EndProjectSection
EndProject
Project("{8BC9CEB8-8B4A-11D0-8D11-00A0C91BC942}") = "VWer", "VWer\VWer.vcproj", "{56C30EA3-24DF-4AB4-B68E-17C954F8802C}"
	ProjectSection(ProjectDependencies) = postProject
		{772E04C2-CF1E-412B-9BAE-3A4A132837DB} = {772E04C2-CF1E-412B-9BAE-3A4A132837DB}
	EndProjectSection
EndProject
Project("{8BC9CEB8-8B4A-11D0-8D11-00A0C91BC942}") = "SpeciesConnector", "SpeciesConnector\SpeciesConnector.vcproj", "{56C30EA3-24DF-4AB4-B68E-17C954F80000}"
	ProjectSection(ProjectDependencies) = postProject
		{772E04C2-CF1E-412B-9BAE-3A4A132837DB} = {772E04C2-CF1E-412B-9BAE-3A4A132837DB}
	EndProjectSection
EndProject
Global
	GlobalSection(SolutionConfigurationPlatforms) = preSolution
		Debug|Win32 = Debug|Win32
		Release|Win32 = Release|Win32
	EndGlobalSection
	GlobalSection(ProjectConfigurationPlatforms) = postSolution
		{772E04C2-CF1E-412B-9BAE-3A4A132837DB}.Debug|Win32.ActiveCfg = Debug|Win32
		{772E04C2-CF1E-412B-9BAE-3A4A132837DB}.Debug|Win32.Build.0 = Debug|Win32
		{772E04C2-CF1E-412B-9BAE-3A4A132837DB}.Release|Win32.ActiveCfg = Release|Win32
		{772E04C2-CF1E-412B-9BAE-3A4A132837DB}.Release|Win32.Build.0 = Release|Win32
		{56C30EA3-24DF-4AB4-B68E-17C954F8A816}.Debug|Win32.ActiveCfg = Debug|Win32
		{56C30EA3-24DF-4AB4-B68E-17C954F8A816}.Debug|Win32.Build.0 = Debug|Win32
		{56C30EA3-24DF-4AB4-B68E-17C954F8A816}.Release|Win32.ActiveCfg = Release|Win32
		{56C30EA3-24DF-4AB4-B68E-17C954F8A816}.Release|Win32.Build.0 = Release|Win32
		{A0F6CA50-F066-40C8-B1F4-D0AABFEE7715}.Debug|Win32.ActiveCfg = Debug|Win32
		{A0F6CA50-F066-40C8-B1F4-D0AABFEE7715}.Debug|Win32.Build.0 = Debug|Win32
		{A0F6CA50-F066-40C8-B1F4-D0AABFEE7715}.Release|Win32.ActiveCfg = Release|Win32
		{A0F6CA50-F066-40C8-B1F4-D0AABFEE7715}.Release|Win32.Build.0 = Release|Win32
		{76005AC2-CB3E-48CA-A5F8-FB0D36C62E4B}.Debug|Win32.ActiveCfg = Debug|Win32
		{76005AC2-CB3E-48CA-A5F8-FB0D36C62E4B}.Debug|Win32.Build.0 = Debug|Win32
		{76005AC2-CB3E-48CA-A5F8-FB0D36C62E4B}.Release|Win32.ActiveCfg = Release|Win32
		{76005AC2-CB3E-48CA-A5F8-FB0D36C62E4B}.Release|Win32.Build.0 = Release|Win32
		{A0F6CA50-F066-40C8-B1F4-D0AABFEE7716}.Debug|Win32.ActiveCfg = Debug|Win32
		{A0F6CA50-F066-40C8-B1F4-D0AABFEE7716}.Debug|Win32.Build.0 = Debug|Win32
		{A0F6CA50-F066-40C8-B1F4-D0AABFEE7716}.Release|Win32.ActiveCfg = Release|Win32
		{A0F6CA50-F066-40C8-B1F4-D0AABFEE7716}.Release|Win32.Build.0 = Release|Win32
		{A0F6CA50-F066-40C8-B1F4-D0AABFEE7717}.Debug|Win32.ActiveCfg = Debug|Win32
		{A0F6CA50-F066-40C8-B1F4-D0AABFEE7717}.Debug|Win32.Build.0 = Debug|Win32
		{A0F6CA50-F066-40C8-B1F4-D0AABFEE7717}.Release|Win32.ActiveCfg = Release|Win32
		{A0F6CA50-F066-40C8-B1F4-D0AABFEE7717}.Release|Win32.Build.0 = Release|Win32
		{A0F6CA50-F066-40C8-B1F4-D0AABFEE7718}.Debug|Win32.ActiveCfg = Debug|Win32
		{A0F6CA50-F066-40C8-B1F4-D0AABFEE7718}.Debug|Win32.Build.0 = Debug|Win32
		{A0F6CA50-F066-40C8-B1F4-D0AABFEE7718}.Release|Win32.ActiveCfg = Release|Win32
		{A0F6CA50-F066-40C8-B1F4-D0AABFEE7718}.Release|Win32.Build.0 = Release|Win32
		{A0F6CA50-F066-40C8-B1F4-D0AABFEE7719}.Debug|Win32.ActiveCfg = Debug|Win32
		{A0F6CA50-F066-40C8-B1F4-D0AABFEE7719}.Debug|Win32.Build.0 = Debug|Win32
		{A0F6CA50-F066-40C8-B1F4-D0AABFEE7719}.Release|Win32.ActiveCfg = Release|Win32
		{A0F6CA50-F066-40C8-B1F4-D0AABFEE7719}.Release|Win32.Build.0 = Release|Win32
		{A0F6CA50-F066-40C8-B1F4-D0AABFEE771A}.Debug|Win32.ActiveCfg = Debug|Win32
		{A0F6CA50-F066-40C8-B1F4-D0AABFEE771A}.Debug|Win32.Build.0 = Debug|Win32
		{A0F6CA50-F066-40C8-B1F4-D0AABFEE771A}.Release|Win32.ActiveCfg = Release|Win32
		{A0F6CA50-F066-40C8-B1F4-D0AABFEE771A}.Release|Win32.Build.0 = Release|Win32
		{A0F6CA50-F066-40C8-B1F4-D0AABFEE771B}.Debug|Win32.ActiveCfg = Debug|Win32
		{A0F6CA50-F066-40C8-B1F4-D0AABFEE771B}.Debug|Win32.Build.0 = Debug|Win32
		{A0F6CA50-F066-40C8-B1F4-D0AABFEE771B}.Release|Win32.ActiveCfg = Release|Win32
		{A0F6CA50-F066-40C8-B1F4-D0AABFEE771B}.Release|Win32.Build.0 = Release|Win32
		{A0F6CA50-F066-40C8-B1F4-D0AABFEE771C}.Debug|Win32.ActiveCfg = Debug|Win32
		{A0F6CA50-F066-40C8-B1F4-D0AABFEE771C}.Debug|Win32.Build.0 = Debug|Win32
		{A0F6CA50-F066-40C8-B1F4-D0AABFEE771C}.Release|Win32.ActiveCfg = Release|Win32
		{A0F6CA50-F066-40C8-B1F4-D0AABFEE771C}.Release|Win32.Build.0 = Release|Win32
		{A0F6CA50-F066-40C8-B1F4-D0AABFEE771D}.Debug|Win32.ActiveCfg = Debug|Win32
		{A0F6CA50-F066-40C8-B1F4-D0AABFEE771D}.Debug|Win32.Build.0 = Debug|Win32
		{A0F6CA50-F066-40C8-B1F4-D0AABFEE771D}.Release|Win32.ActiveCfg = Release|Win32
		{A0F6CA50-F066-40C8-B1F4-D0AABFEE771D}.Release|Win32.Build.0 = Release|Win32
		{A0F6CA50-F066-40C8-B1F4-D0AABFEE771E}.Debug|Win32.ActiveCfg = Debug|Win32
		{A0F6CA50-F066-40C8-B1F4-D0AABFEE771E}.Debug|Win32.Build.0 = Debug|Win32
		{A0F6CA50-F066-40C8-B1F4-D0AABFEE771E}.Release|Win32.ActiveCfg = Release|Win32
		{A0F6CA50-F066-40C8-B1F4-D0AABFEE771E}.Release|Win32.Build.0 = Release|Win32
		{56C30EA3-24DF-4AB4-B68E-17C954F8A815}.Debug|Win32.ActiveCfg = Debug|Win32
		{56C30EA3-24DF-4AB4-B68E-17C954F8A815}.Debug|Win32.Build.0 = Debug|Win32
		{56C30EA3-24DF-4AB4-B68E-17C954F8A815}.Release|Win32.ActiveCfg = Release|Win32
		{56C30EA3-24DF-4AB4-B68E-17C954F8A815}.Release|Win32.Build.0 = Release|Win32
		{56C30EA3-24DF-4AB4-B68E-17C954F8A814}.Debug|Win32.ActiveCfg = Debug|Win32
		{56C30EA3-24DF-4AB4-B68E-17C954F8A814}.Debug|Win32.Build.0 = Debug|Win32
		{56C30EA3-24DF-4AB4-B68E-17C954F8A814}.Release|Win32.ActiveCfg = Release|Win32
		{56C30EA3-24DF-4AB4-B68E-17C954F8A814}.Release|Win32.Build.0 = Release|Win32
		{56C30EA3-24DF-4AB4-B68E-17C954F8A813}.Debug|Win32.ActiveCfg = Debug|Win32
		{56C30EA3-24DF-4AB4-B68E-17C954F8A813}.Debug|Win32.Build.0 = Debug|Win32
		{56C30EA3-24DF-4AB4-B68E-17C954F8A813}.Release|Win32.ActiveCfg = Release|Win32
		{56C30EA3-24DF-4AB4-B68E-17C954F8A813}.Release|Win32.Build.0 = Release|Win32
		{56C30EA3-24DF-4AB4-B68E-17C954F8A812}.Debug|Win32.ActiveCfg = Debug|Win32
		{56C30EA3-24DF-4AB4-B68E-17C954F8A812}.Debug|Win32.Build.0 = Debug|Win32
		{56C30EA3-24DF-4AB4-B68E-17C954F8A812}.Release|Win32.ActiveCfg = Release|Win32
		{56C30EA3-24DF-4AB4-B68E-17C954F8A812}.Release|Win32.Build.0 = Release|Win32
		{56C30EA3-24DF-4AB4-B68E-17C954F8A811}.Debug|Win32.ActiveCfg = Debug|Win32
		{56C30EA3-24DF-4AB4-B68E-17C954F8A811}.Debug|Win32.Build.0 = Debug|Win32
		{56C30EA3-24DF-4AB4-B68E-17C954F8A811}.Release|Win32.ActiveCfg = Release|Win32
		{56C30EA3-24DF-4AB4-B68E-17C954F8A811}.Release|Win32.Build.0 = Release|Win32
		{56C30EA3-24DF-4AB4-B68E-17C954F8A810}.Debug|Win32.ActiveCfg = Debug|Win32
		{56C30EA3-24DF-4AB4-B68E-17C954F8A810}.Debug|Win32.Build.0 = Debug|Win32
		{56C30EA3-24DF-4AB4-B68E-17C954F8A810}.Release|Win32.ActiveCfg = Release|Win32
		{56C30EA3-24DF-4AB4-B68E-17C954F8A810}.Release|Win32.Build.0 = Release|Win32
		{56C30EA3-24DF-4AB4-B68E-17C954F8A80F}.Debug|Win32.ActiveCfg = Debug|Win32
		{56C30EA3-24DF-4AB4-B68E-17C954F8A80F}.Debug|Win32.Build.0 = Debug|Win32
		{56C30EA3-24DF-4AB4-B68E-17C954F8A80F}.Release|Win32.ActiveCfg = Release|Win32
		{56C30EA3-24DF-4AB4-B68E-17C954F8A80F}.Release|Win32.Build.0 = Release|Win32
		{56C30EA3-24DF-4AB4-B68E-17C954F8A80E}.Debug|Win32.ActiveCfg = Debug|Win32
		{56C30EA3-24DF-4AB4-B68E-17C954F8A80E}.Debug|Win32.Build.0 = Debug|Win32
		{56C30EA3-24DF-4AB4-B68E-17C954F8A80E}.Release|Win32.ActiveCfg = Release|Win32
		{56C30EA3-24DF-4AB4-B68E-17C954F8A80E}.Release|Win32.Build.0 = Release|Win32
		{56C30EA3-24DF-4AB4-B68E-17C954F8A80D}.Debug|Win32.ActiveCfg = Debug|Win32
		{56C30EA3-24DF-4AB4-B68E-17C954F8A80D}.Debug|Win32.Build.0 = Debug|Win32
		{56C30EA3-24DF-4AB4-B68E-17C954F8A80D}.Release|Win32.ActiveCfg = Release|Win32
		{56C30EA3-24DF-4AB4-B68E-17C954F8A80D}.Release|Win32.Build.0 = Release|Win32
		{56C30EA3-24DF-4AB4-B68E-17C954F8A80C}.Debug|Win32.ActiveCfg = Debug|Win32
		{56C30EA3-24DF-4AB4-B68E-17C954F8A80C}.Debug|Win32.Build.0 = Debug|Win32
		{56C30EA3-24DF-4AB4-B68E-17C954F8A80C}.Release|Win32.ActiveCfg = Release|Win32
		{56C30EA3-24DF-4AB4-B68E-17C954F8A80C}.Release|Win32.Build.0 = Release|Win32
		{56C30EA3-24DF-4AB4-B68E-17C954F8A80B}.Debug|Win32.ActiveCfg = Debug|Win32
		{56C30EA3-24DF-4AB4-B68E-17C954F8A80B}.Debug|Win32.Build.0 = Debug|Win32
		{56C30EA3-24DF-4AB4-B68E-17C954F8A80B}.Release|Win32.ActiveCfg = Release|Win32
		{56C30EA3-24DF-4AB4-B68E-17C954F8A80B}.Release|Win32.Build.0 = Release|Win32
		{56C30EA3-24DF-4AB4-B68E-17C954F8A80A}.Debug|Win32.ActiveCfg = Debug|Win32
		{56C30EA3-24DF-4AB4-B68E-17C954F8A80A}.Debug|Win32.Build.0 = Debug|Win32
		{56C30EA3-24DF-4AB4-B68E-17C954F8A80A}.Release|Win32.ActiveCfg = Release|Win32
		{56C30EA3-24DF-4AB4-B68E-17C954F8A80A}.Release|Win32.Build.0 = Release|Win32
		{56C30EA3-24DF-4AB4-B68E-17C954F8A809}.Debug|Win32.ActiveCfg = Debug|Win32
		{56C30EA3-24DF-4AB4-B68E-17C954F8A809}.Debug|Win32.Build.0 = Debug|Win32
		{56C30EA3-24DF-4AB4-B68E-17C954F8A809}.Release|Win32.ActiveCfg = Release|Win32
		{56C30EA3-24DF-4AB4-B68E-17C954F8A809}.Release|Win32.Build.0 = Release|Win32
		{56C30EA3-24DF-4AB4-B68E-17C954F8A808}.Debug|Win32.ActiveCfg = Debug|Win32
		{56C30EA3-24DF-4AB4-B68E-17C954F8A808}.Debug|Win32.Build.0 = Debug|Win32
		{56C30EA3-24DF-4AB4-B68E-17C954F8A808}.Release|Win32.ActiveCfg = Release|Win32
		{56C30EA3-24DF-4AB4-B68E-17C954F8A808}.Release|Win32.Build.0 = Release|Win32
		{56C30EA3-24DF-4AB4-B68E-17C954F8A807}.Debug|Win32.ActiveCfg = Debug|Win32
		{56C30EA3-24DF-4AB4-B68E-17C954F8A807}.Debug|Win32.Build.0 = Debug|Win32
		{56C30EA3-24DF-4AB4-B68E-17C954F8A807}.Release|Win32.ActiveCfg = Release|Win32
		{56C30EA3-24DF-4AB4-B68E-17C954F8A807}.Release|Win32.Build.0 = Release|Win32
		{56C30EA3-24DF-4AB4-B68E-17C954F8A806}.Debug|Win32.ActiveCfg = Debug|Win32
		{56C30EA3-24DF-4AB4-B68E-17C954F8A806}.Debug|Win32.Build.0 = Debug|Win32
		{56C30EA3-24DF-4AB4-B68E-17C954F8A806}.Release|Win32.ActiveCfg = Release|Win32
		{56C30EA3-24DF-4AB4-B68E-17C954F8A806}.Release|Win32.Build.0 = Release|Win32
		{56C30EA3-24DF-4AB4-B68E-17C954F8A805}.Debug|Win32.ActiveCfg = Debug|Win32
		{56C30EA3-24DF-4AB4-B68E-17C954F8A805}.Debug|Win32.Build.0 = Debug|Win32
		{56C30EA3-24DF-4AB4-B68E-17C954F8A805}.Release|Win32.ActiveCfg = Release|Win32
		{56C30EA3-24DF-4AB4-B68E-17C954F8A805}.Release|Win32.Build.0 = Release|Win32
		{56C30EA3-24DF-4AB4-B68E-17C954F8A804}.Debug|Win32.ActiveCfg = Debug|Win32
		{56C30EA3-24DF-4AB4-B68E-17C954F8A804}.Debug|Win32.Build.0 = Debug|Win32
		{56C30EA3-24DF-4AB4-B68E-17C954F8A804}.Release|Win32.ActiveCfg = Release|Win32
		{56C30EA3-24DF-4AB4-B68E-17C954F8A804}.Release|Win32.Build.0 = Release|Win32
		{56C30EA3-24DF-4AB4-B68E-17C954F8A803}.Debug|Win32.ActiveCfg = Debug|Win32
		{56C30EA3-24DF-4AB4-B68E-17C954F8A803}.Debug|Win32.Build.0 = Debug|Win32
		{56C30EA3-24DF-4AB4-B68E-17C954F8A803}.Release|Win32.ActiveCfg = Release|Win32
		{56C30EA3-24DF-4AB4-B68E-17C954F8A803}.Release|Win32.Build.0 = Release|Win32
		{56C30EA3-24DF-4AB4-B68E-17C954F8A802}.Debug|Win32.ActiveCfg = Debug|Win32
		{56C30EA3-24DF-4AB4-B68E-17C954F8A802}.Debug|Win32.Build.0 = Debug|Win32
		{56C30EA3-24DF-4AB4-B68E-17C954F8A802}.Release|Win32.ActiveCfg = Release|Win32
		{56C30EA3-24DF-4AB4-B68E-17C954F8A802}.Release|Win32.Build.0 = Release|Win32
		{56C30EA3-24DF-4AB4-B68E-17C954F8A801}.Debug|Win32.ActiveCfg = Debug|Win32
		{56C30EA3-24DF-4AB4-B68E-17C954F8A801}.Debug|Win32.Build.0 = Debug|Win32
		{56C30EA3-24DF-4AB4-B68E-17C954F8A801}.Release|Win32.ActiveCfg = Release|Win32
		{56C30EA3-24DF-4AB4-B68E-17C954F8A801}.Release|Win32.Build.0 = Release|Win32
		{56C30EA3-24DF-4AB4-B68E-17C954F8A800}.Debug|Win32.ActiveCfg = Debug|Win32
		{56C30EA3-24DF-4AB4-B68E-17C954F8A800}.Debug|Win32.Build.0 = Debug|Win32
		{56C30EA3-24DF-4AB4-B68E-17C954F8A800}.Release|Win32.ActiveCfg = Release|Win32
		{56C30EA3-24DF-4AB4-B68E-17C954F8A800}.Release|Win32.Build.0 = Release|Win32
		{56C30EA3-24DF-4AB4-B68E-17C954F8A7FF}.Debug|Win32.ActiveCfg = Debug|Win32
		{56C30EA3-24DF-4AB4-B68E-17C954F8A7FF}.Debug|Win32.Build.0 = Debug|Win32
		{56C30EA3-24DF-4AB4-B68E-17C954F8A7FF}.Release|Win32.ActiveCfg = Release|Win32
		{56C30EA3-24DF-4AB4-B68E-17C954F8A7FF}.Release|Win32.Build.0 = Release|Win32
		{56C30EA3-24DF-4AB4-B68E-17C954F8A7FE}.Debug|Win32.ActiveCfg = Debug|Win32
		{56C30EA3-24DF-4AB4-B68E-17C954F8A7FE}.Debug|Win32.Build.0 = Debug|Win32
		{56C30EA3-24DF-4AB4-B68E-17C954F8A7FE}.Release|Win32.ActiveCfg = Release|Win32
		{56C30EA3-24DF-4AB4-B68E-17C954F8A7FE}.Release|Win32.Build.0 = Release|Win32
		{56C30EA3-24DF-4AB4-B68E-17C954F8A7FD}.Debug|Win32.ActiveCfg = Debug|Win32
		{56C30EA3-24DF-4AB4-B68E-17C954F8A7FD}.Debug|Win32.Build.0 = Debug|Win32
		{56C30EA3-24DF-4AB4-B68E-17C954F8A7FD}.Release|Win32.ActiveCfg = Release|Win32
		{56C30EA3-24DF-4AB4-B68E-17C954F8A7FD}.Release|Win32.Build.0 = Release|Win32
		{56C30EA3-24DF-4AB4-B68E-17C954F8A7FC}.Debug|Win32.ActiveCfg = Debug|Win32
		{56C30EA3-24DF-4AB4-B68E-17C954F8A7FC}.Debug|Win32.Build.0 = Debug|Win32
		{56C30EA3-24DF-4AB4-B68E-17C954F8A7FC}.Release|Win32.ActiveCfg = Release|Win32
		{56C30EA3-24DF-4AB4-B68E-17C954F8A7FC}.Release|Win32.Build.0 = Release|Win32
		{56C30EA3-24DF-4AB4-B68E-17C954F8A7FA}.Debug|Win32.ActiveCfg = Debug|Win32
		{56C30EA3-24DF-4AB4-B68E-17C954F8A7FA}.Debug|Win32.Build.0 = Debug|Win32
		{56C30EA3-24DF-4AB4-B68E-17C954F8A7FA}.Release|Win32.ActiveCfg = Release|Win32
		{56C30EA3-24DF-4AB4-B68E-17C954F8A7FA}.Release|Win32.Build.0 = Release|Win32
		{56C30EA3-24DF-4AB4-B68E-17C954F8A7F9}.Debug|Win32.ActiveCfg = Debug|Win32
		{56C30EA3-24DF-4AB4-B68E-17C954F8A7F9}.Debug|Win32.Build.0 = Debug|Win32
		{56C30EA3-24DF-4AB4-B68E-17C954F8A7F9}.Release|Win32.ActiveCfg = Release|Win32
		{56C30EA3-24DF-4AB4-B68E-17C954F8A7F9}.Release|Win32.Build.0 = Release|Win32
		{56C30EA3-24DF-4AB4-B68E-17C954F8A7F8}.Debug|Win32.ActiveCfg = Debug|Win32
		{56C30EA3-24DF-4AB4-B68E-17C954F8A7F8}.Debug|Win32.Build.0 = Debug|Win32
		{56C30EA3-24DF-4AB4-B68E-17C954F8A7F8}.Release|Win32.ActiveCfg = Release|Win32
		{56C30EA3-24DF-4AB4-B68E-17C954F8A7F8}.Release|Win32.Build.0 = Release|Win32
		{56C30EA3-24DF-4AB4-B68E-17C954F8A7F6}.Debug|Win32.ActiveCfg = Debug|Win32
		{56C30EA3-24DF-4AB4-B68E-17C954F8A7F6}.Debug|Win32.Build.0 = Debug|Win32
		{56C30EA3-24DF-4AB4-B68E-17C954F8A7F6}.Release|Win32.ActiveCfg = Release|Win32
		{56C30EA3-24DF-4AB4-B68E-17C954F8A7F6}.Release|Win32.Build.0 = Release|Win32
		{56C30EA3-24DF-4AB4-B68E-17C954F8A7F5}.Debug|Win32.ActiveCfg = Debug|Win32
		{56C30EA3-24DF-4AB4-B68E-17C954F8A7F5}.Debug|Win32.Build.0 = Debug|Win32
		{56C30EA3-24DF-4AB4-B68E-17C954F8A7F5}.Release|Win32.ActiveCfg = Release|Win32
		{56C30EA3-24DF-4AB4-B68E-17C954F8A7F5}.Release|Win32.Build.0 = Release|Win32
		{56C30EA3-24DF-4AB4-B68E-17C954F8A7F4}.Debug|Win32.ActiveCfg = Debug|Win32
		{56C30EA3-24DF-4AB4-B68E-17C954F8A7F4}.Debug|Win32.Build.0 = Debug|Win32
		{56C30EA3-24DF-4AB4-B68E-17C954F8A7F4}.Release|Win32.ActiveCfg = Release|Win32
		{56C30EA3-24DF-4AB4-B68E-17C954F8A7F4}.Release|Win32.Build.0 = Release|Win32
		{56C30EA3-24DF-4AB4-B68E-17C954F8A7FB}.Debug|Win32.ActiveCfg = Debug|Win32
		{56C30EA3-24DF-4AB4-B68E-17C954F8A7FB}.Debug|Win32.Build.0 = Debug|Win32
		{56C30EA3-24DF-4AB4-B68E-17C954F8A7FB}.Release|Win32.ActiveCfg = Release|Win32
		{56C30EA3-24DF-4AB4-B68E-17C954F8A7FB}.Release|Win32.Build.0 = Release|Win32
		{56C30EA3-24DF-4AB4-B68E-17C954F8A134}.Debug|Win32.ActiveCfg = Debug|Win32
		{56C30EA3-24DF-4AB4-B68E-17C954F8A134}.Debug|Win32.Build.0 = Debug|Win32
		{56C30EA3-24DF-4AB4-B68E-17C954F8A134}.Release|Win32.ActiveCfg = Release|Win32
		{56C30EA3-24DF-4AB4-B68E-17C954F8A134}.Release|Win32.Build.0 = Release|Win32
		{56C30EA3-24DF-4AB4-B68E-17C954F8A924}.Debug|Win32.ActiveCfg = Debug|Win32
		{56C30EA3-24DF-4AB4-B68E-17C954F8A924}.Debug|Win32.Build.0 = Debug|Win32
		{56C30EA3-24DF-4AB4-B68E-17C954F8A924}.Release|Win32.ActiveCfg = Release|Win32
		{56C30EA3-24DF-4AB4-B68E-17C954F8A924}.Release|Win32.Build.0 = Release|Win32
		{56C30EA3-24DF-4AB4-B68E-17C954F8A197}.Debug|Win32.ActiveCfg = Debug|Win32
		{56C30EA3-24DF-4AB4-B68E-17C954F8A197}.Debug|Win32.Build.0 = Debug|Win32
		{56C30EA3-24DF-4AB4-B68E-17C954F8A197}.Release|Win32.ActiveCfg = Release|Win32
		{56C30EA3-24DF-4AB4-B68E-17C954F8A197}.Release|Win32.Build.0 = Release|Win32
		{56C30EA3-24DF-4AB4-B68E-17C954F8A618}.Debug|Win32.ActiveCfg = Debug|Win32
		{56C30EA3-24DF-4AB4-B68E-17C954F8A618}.Debug|Win32.Build.0 = Debug|Win32
		{56C30EA3-24DF-4AB4-B68E-17C954F8A618}.Release|Win32.ActiveCfg = Release|Win32
		{56C30EA3-24DF-4AB4-B68E-17C954F8A618}.Release|Win32.Build.0 = Release|Win32
		{56C30EA3-24DF-4AB4-B68E-17C954F8A819}.Debug|Win32.ActiveCfg = Debug|Win32
		{56C30EA3-24DF-4AB4-B68E-17C954F8A819}.Debug|Win32.Build.0 = Debug|Win32
		{56C30EA3-24DF-4AB4-B68E-17C954F8A819}.Release|Win32.ActiveCfg = Release|Win32
		{56C30EA3-24DF-4AB4-B68E-17C954F8A819}.Release|Win32.Build.0 = Release|Win32
		{56C30EA3-24DF-4AB4-B68E-17C954F8AA86}.Debug|Win32.ActiveCfg = Debug|Win32
		{56C30EA3-24DF-4AB4-B68E-17C954F8AA86}.Debug|Win32.Build.0 = Debug|Win32
		{56C30EA3-24DF-4AB4-B68E-17C954F8AA86}.Release|Win32.ActiveCfg = Release|Win32
		{56C30EA3-24DF-4AB4-B68E-17C954F8AA86}.Release|Win32.Build.0 = Release|Win32
		{56C30EA3-24DF-4AB4-B68E-17C954F869B0}.Debug|Win32.ActiveCfg = Debug|Win32
		{56C30EA3-24DF-4AB4-B68E-17C954F869B0}.Debug|Win32.Build.0 = Debug|Win32
		{56C30EA3-24DF-4AB4-B68E-17C954F869B0}.Release|Win32.ActiveCfg = Release|Win32
		{56C30EA3-24DF-4AB4-B68E-17C954F869B0}.Release|Win32.Build.0 = Release|Win32
		{56C30EA3-24DF-4AB4-B68E-17C954F8A962}.Debug|Win32.ActiveCfg = Debug|Win32
		{56C30EA3-24DF-4AB4-B68E-17C954F8A962}.Debug|Win32.Build.0 = Debug|Win32
		{56C30EA3-24DF-4AB4-B68E-17C954F8A962}.Release|Win32.ActiveCfg = Release|Win32
		{56C30EA3-24DF-4AB4-B68E-17C954F8A962}.Release|Win32.Build.0 = Release|Win32
		{56C30EA3-24DF-4AB4-B68E-17C954F802B6}.Debug|Win32.ActiveCfg = Debug|Win32
		{56C30EA3-24DF-4AB4-B68E-17C954F802B6}.Debug|Win32.Build.0 = Debug|Win32
		{56C30EA3-24DF-4AB4-B68E-17C954F802B6}.Release|Win32.ActiveCfg = Release|Win32
		{56C30EA3-24DF-4AB4-B68E-17C954F802B6}.Release|Win32.Build.0 = Release|Win32
		{56C30EA3-24DF-4AB4-B68E-17C954F8FF60}.Debug|Win32.ActiveCfg = Debug|Win32
		{56C30EA3-24DF-4AB4-B68E-17C954F8FF60}.Debug|Win32.Build.0 = Debug|Win32
		{56C30EA3-24DF-4AB4-B68E-17C954F8FF60}.Release|Win32.ActiveCfg = Release|Win32
		{56C30EA3-24DF-4AB4-B68E-17C954F8FF60}.Release|Win32.Build.0 = Release|Win32
		{56C30EA3-24DF-4AB4-B68E-17C954F80BE9}.Debug|Win32.ActiveCfg = Debug|Win32
		{56C30EA3-24DF-4AB4-B68E-17C954F80BE9}.Debug|Win32.Build.0 = Debug|Win32
		{56C30EA3-24DF-4AB4-B68E-17C954F80BE9}.Release|Win32.ActiveCfg = Release|Win32
		{56C30EA3-24DF-4AB4-B68E-17C954F80BE9}.Release|Win32.Build.0 = Release|Win32
		{56C30EA3-24DF-4AB4-B68E-17C954F8802C}.Debug|Win32.ActiveCfg = Debug|Win32
		{56C30EA3-24DF-4AB4-B68E-17C954F8802C}.Debug|Win32.Build.0 = Debug|Win32
		{56C30EA3-24DF-4AB4-B68E-17C954F8802C}.Release|Win32.ActiveCfg = Release|Win32
		{56C30EA3-24DF-4AB4-B68E-17C954F8802C}.Release|Win32.Build.0 = Release|Win32
		{56C30EA3-24DF-4AB4-B68E-17C954F80000}.Debug|Win32.ActiveCfg = Debug|Win32
		{56C30EA3-24DF-4AB4-B68E-17C954F80000}.Debug|Win32.Build.0 = Debug|Win32
		{56C30EA3-24DF-4AB4-B68E-17C954F80000}.Release|Win32.ActiveCfg = Release|Win32
		{56C30EA3-24DF-4AB4-B68E-17C954F80000}.Release|Win32.Build.0 = Release|Win32
	EndGlobalSection
	GlobalSection(SolutionProperties) = preSolution
		HideSolutionNode = FALSE
	EndGlobalSection
	GlobalSection(MercurialSourceControlSolutionProperties) = preSolution
		SolutionIsControlled = True
		SolutionBindings = <Solution Location In Database>
	EndGlobalSection
	GlobalSection(MercurialSourceControlSolutionProperties) = preSolution
		SolutionIsControlled = True
		SolutionBindings = <Solution Location In Database>
	EndGlobalSection
	GlobalSection(MercurialSourceControlSolutionProperties) = preSolution
		SolutionIsControlled = True
		SolutionBindings = <Solution Location In Database>
	EndGlobalSection
	GlobalSection(MercurialSourceControlSolutionProperties) = preSolution
		SolutionIsControlled = True
		SolutionBindings = <Solution Location In Database>
	EndGlobalSection
	GlobalSection(MercurialSourceControlSolutionProperties) = preSolution
		SolutionIsControlled = True
		SolutionBindings = <Solution Location In Database>
	EndGlobalSection
	GlobalSection(MercurialSourceControlSolutionProperties) = preSolution
		SolutionIsControlled = True
		SolutionBindings = <Solution Location In Database>
	EndGlobalSection
	GlobalSection(MercurialSourceControlSolutionProperties) = preSolution
		SolutionIsControlled = True
		SolutionBindings = <Solution Location In Database>
	EndGlobalSection
	GlobalSection(MercurialSourceControlSolutionProperties) = preSolution
		SolutionIsControlled = True
		SolutionBindings = <Solution Location In Database>
	EndGlobalSection
	GlobalSection(MercurialSourceControlSolutionProperties) = preSolution
		SolutionIsControlled = True
		SolutionBindings = <Solution Location In Database>
	EndGlobalSection
	GlobalSection(MercurialSourceControlSolutionProperties) = preSolution
		SolutionIsControlled = True
		SolutionBindings = <Solution Location In Database>
	EndGlobalSection
	GlobalSection(MercurialSourceControlSolutionProperties) = preSolution
		SolutionIsControlled = True
		SolutionBindings = <Solution Location In Database>
	EndGlobalSection
	GlobalSection(MercurialSourceControlSolutionProperties) = preSolution
		SolutionIsControlled = True
		SolutionBindings = <Solution Location In Database>
	EndGlobalSection
	GlobalSection(MercurialSourceControlSolutionProperties) = preSolution
		SolutionIsControlled = True
		SolutionBindings = <Solution Location In Database>
	EndGlobalSection
	GlobalSection(MercurialSourceControlSolutionProperties) = preSolution
		SolutionIsControlled = True
		SolutionBindings = <Solution Location In Database>
	EndGlobalSection
	GlobalSection(MercurialSourceControlSolutionProperties) = preSolution
		SolutionIsControlled = True
		SolutionBindings = <Solution Location In Database>
	EndGlobalSection
	GlobalSection(MercurialSourceControlSolutionProperties) = preSolution
		SolutionIsControlled = True
		SolutionBindings = <Solution Location In Database>
	EndGlobalSection
	GlobalSection(MercurialSourceControlSolutionProperties) = preSolution
		SolutionIsControlled = True
		SolutionBindings = <Solution Location In Database>
	EndGlobalSection
	GlobalSection(MercurialSourceControlSolutionProperties) = preSolution
		SolutionIsControlled = True
		SolutionBindings = <Solution Location In Database>
	EndGlobalSection
	GlobalSection(MercurialSourceControlSolutionProperties) = preSolution
		SolutionIsControlled = True
		SolutionBindings = <Solution Location In Database>
	EndGlobalSection
	GlobalSection(MercurialSourceControlSolutionProperties) = preSolution
		SolutionIsControlled = True
		SolutionBindings = <Solution Location In Database>
	EndGlobalSection
	GlobalSection(MercurialSourceControlSolutionProperties) = preSolution
		SolutionIsControlled = True
		SolutionBindings = <Solution Location In Database>
	EndGlobalSection
	GlobalSection(MercurialSourceControlSolutionProperties) = preSolution
		SolutionIsControlled = True
		SolutionBindings = <Solution Location In Database>
	EndGlobalSection
	GlobalSection(MercurialSourceControlSolutionProperties) = preSolution
		SolutionIsControlled = True
		SolutionBindings = <Solution Location In Database>
	EndGlobalSection
	GlobalSection(MercurialSourceControlSolutionProperties) = preSolution
		SolutionIsControlled = True
		SolutionBindings = <Solution Location In Database>
	EndGlobalSection
	GlobalSection(MercurialSourceControlSolutionProperties) = preSolution
		SolutionIsControlled = True
		SolutionBindings = <Solution Location In Database>
	EndGlobalSection
	GlobalSection(MercurialSourceControlSolutionProperties) = preSolution
		SolutionIsControlled = True
		SolutionBindings = <Solution Location In Database>
	EndGlobalSection
	GlobalSection(MercurialSourceControlSolutionProperties) = preSolution
		SolutionIsControlled = True
		SolutionBindings = <Solution Location In Database>
	EndGlobalSection
	GlobalSection(MercurialSourceControlSolutionProperties) = preSolution
		SolutionIsControlled = True
		SolutionBindings = <Solution Location In Database>
	EndGlobalSection
	GlobalSection(MercurialSourceControlSolutionProperties) = preSolution
		SolutionIsControlled = True
		SolutionBindings = <Solution Location In Database>
	EndGlobalSection
	GlobalSection(MercurialSourceControlSolutionProperties) = preSolution
		SolutionIsControlled = True
		SolutionBindings = <Solution Location In Database>
	EndGlobalSection
	GlobalSection(MercurialSourceControlSolutionProperties) = preSolution
		SolutionIsControlled = True
		SolutionBindings = <Solution Location In Database>
	EndGlobalSection
	GlobalSection(MercurialSourceControlSolutionProperties) = preSolution
		SolutionIsControlled = True
		SolutionBindings = <Solution Location In Database>
	EndGlobalSection
	GlobalSection(MercurialSourceControlSolutionProperties) = preSolution
		SolutionIsControlled = True
		SolutionBindings = <Solution Location In Database>
	EndGlobalSection
	GlobalSection(MercurialSourceControlSolutionProperties) = preSolution
		SolutionIsControlled = True
		SolutionBindings = <Solution Location In Database>
	EndGlobalSection
	GlobalSection(MercurialSourceControlSolutionProperties) = preSolution
		SolutionIsControlled = True
		SolutionBindings = <Solution Location In Database>
	EndGlobalSection
	GlobalSection(MercurialSourceControlSolutionProperties) = preSolution
		SolutionIsControlled = True
		SolutionBindings = <Solution Location In Database>
	EndGlobalSection
	GlobalSection(MercurialSourceControlSolutionProperties) = preSolution
		SolutionIsControlled = True
		SolutionBindings = <Solution Location In Database>
	EndGlobalSection
	GlobalSection(MercurialSourceControlSolutionProperties) = preSolution
		SolutionIsControlled = True
		SolutionBindings = <Solution Location In Database>
	EndGlobalSection
	GlobalSection(MercurialSourceControlSolutionProperties) = preSolution
		SolutionIsControlled = True
		SolutionBindings = <Solution Location In Database>
	EndGlobalSection
	GlobalSection(MercurialSourceControlSolutionProperties) = preSolution
		SolutionIsControlled = True
		SolutionBindings = <Solution Location In Database>
	EndGlobalSection
	GlobalSection(MercurialSourceControlSolutionProperties) = preSolution
		SolutionIsControlled = True
		SolutionBindings = <Solution Location In Database>
	EndGlobalSection
	GlobalSection(MercurialSourceControlSolutionProperties) = preSolution
		SolutionIsControlled = True
		SolutionBindings = <Solution Location In Database>
	EndGlobalSection
	GlobalSection(MercurialSourceControlSolutionProperties) = preSolution
		SolutionIsControlled = True
		SolutionBindings = <Solution Location In Database>
	EndGlobalSection
	GlobalSection(MercurialSourceControlSolutionProperties) = preSolution
		SolutionIsControlled = True
		SolutionBindings = <Solution Location In Database>
	EndGlobalSection
	GlobalSection(MercurialSourceControlSolutionProperties) = preSolution
		SolutionIsControlled = True
		SolutionBindings = <Solution Location In Database>
	EndGlobalSection
	GlobalSection(MercurialSourceControlSolutionProperties) = preSolution
		SolutionIsControlled = True
		SolutionBindings = <Solution Location In Database>
	EndGlobalSection
	GlobalSection(MercurialSourceControlSolutionProperties) = preSolution
		SolutionIsControlled = True
		SolutionBindings = <Solution Location In Database>
	EndGlobalSection
	GlobalSection(MercurialSourceControlSolutionProperties) = preSolution
		SolutionIsControlled = True
		SolutionBindings = <Solution Location In Database>
	EndGlobalSection
	GlobalSection(MercurialSourceControlSolutionProperties) = preSolution
		SolutionIsControlled = True
		SolutionBindings = <Solution Location In Database>
	EndGlobalSection
	GlobalSection(MercurialSourceControlSolutionProperties) = preSolution
		SolutionIsControlled = True
		SolutionBindings = <Solution Location In Database>
	EndGlobalSection
	GlobalSection(MercurialSourceControlSolutionProperties) = preSolution
		SolutionIsControlled = True
		SolutionBindings = <Solution Location In Database>
	EndGlobalSection
	GlobalSection(MercurialSourceControlSolutionProperties) = preSolution
		SolutionIsControlled = True
		SolutionBindings = <Solution Location In Database>
	EndGlobalSection
	GlobalSection(MercurialSourceControlSolutionProperties) = preSolution
		SolutionIsControlled = True
		SolutionBindings = <Solution Location In Database>
	EndGlobalSection
	GlobalSection(MercurialSourceControlSolutionProperties) = preSolution
		SolutionIsControlled = True
		SolutionBindings = <Solution Location In Database>
	EndGlobalSection
	GlobalSection(MercurialSourceControlSolutionProperties) = preSolution
		SolutionIsControlled = True
		SolutionBindings = <Solution Location In Database>
	EndGlobalSection
	GlobalSection(MercurialSourceControlSolutionProperties) = preSolution
		SolutionIsControlled = True
		SolutionBindings = <Solution Location In Database>
	EndGlobalSection
	GlobalSection(MercurialSourceControlSolutionProperties) = preSolution
		SolutionIsControlled = True
		SolutionBindings = <Solution Location In Database>
	EndGlobalSection
	GlobalSection(SubversionScc) = preSolution
		Svn-Managed = True
		Manager = AnkhSVN - Subversion Support for Visual Studio
	EndGlobalSection
EndGlobal
